
Microsoft Visual Studio Solution File, Format Version 12.00
# Visual Studio Version 17
VisualStudioVersion = 17.7.34221.43
MinimumVisualStudioVersion = 10.0.40219.1
Project("{9A19103F-16F7-4668-BE54-9A1E7A4F7556}") = "CSharpStudy", "CSharpStudy.csproj", "{31E103F8-796A-446A-8AB7-02895EA58B77}"
EndProject
Project("{9A19103F-16F7-4668-BE54-9A1E7A4F7556}") = "String", "..\String\String.csproj", "{19C82228-2776-42CE-8563-7C722BB40730}"
EndProject
Project("{9A19103F-16F7-4668-BE54-9A1E7A4F7556}") = "StringConcatenate", "..\StringConcatenate\StringConcatenate.csproj", "{732F558F-B4AF-4520-90CA-15528DCF2D44}"
EndProject
Project("{9A19103F-16F7-4668-BE54-9A1E7A4F7556}") = "RelationalOperator", "..\RelationalOperator\RelationalOperator.csproj", "{9CBB0442-F040-40C9-8F0D-3253D097F502}"
EndProject
Project("{9A19103F-16F7-4668-BE54-9A1E7A4F7556}") = "4.6.0_LogicalOperator", "..\4.6.0_LogicalOperator\4.6.0_LogicalOperator.csproj", "{A7AC5717-0AFF-41C1-8808-E6DC9A24BC86}"
EndProject
Project("{9A19103F-16F7-4668-BE54-9A1E7A4F7556}") = "4.7.0_ConditionalOperator", "..\4.7.0_ConditionalOperator\4.7.0_ConditionalOperator.csproj", "{BE48997A-0776-45B3-A4B5-EE06DED1BCB7}"
EndProject
Project("{9A19103F-16F7-4668-BE54-9A1E7A4F7556}") = "4.8.0_NullConditionalOperator", "..\4.8.0_NullConditionalOperator\4.8.0_NullConditionalOperator.csproj", "{EF26C58C-370E-48A1-AD7E-551F6F49D9EC}"
EndProject
Project("{FAE04EC0-301F-11D3-BF4B-00C04F79EFBC}") = "0405-Study", "..\0405-Study\0405-Study.csproj", "{059F7870-E473-45D2-A1B9-B657EABF9062}"
EndProject
Global
	GlobalSection(SolutionConfigurationPlatforms) = preSolution
		Debug|Any CPU = Debug|Any CPU
		Release|Any CPU = Release|Any CPU
	EndGlobalSection
	GlobalSection(ProjectConfigurationPlatforms) = postSolution
		{31E103F8-796A-446A-8AB7-02895EA58B77}.Debug|Any CPU.ActiveCfg = Debug|Any CPU
		{31E103F8-796A-446A-8AB7-02895EA58B77}.Debug|Any CPU.Build.0 = Debug|Any CPU
		{31E103F8-796A-446A-8AB7-02895EA58B77}.Release|Any CPU.ActiveCfg = Release|Any CPU
		{31E103F8-796A-446A-8AB7-02895EA58B77}.Release|Any CPU.Build.0 = Release|Any CPU
		{19C82228-2776-42CE-8563-7C722BB40730}.Debug|Any CPU.ActiveCfg = Debug|Any CPU
		{19C82228-2776-42CE-8563-7C722BB40730}.Debug|Any CPU.Build.0 = Debug|Any CPU
		{19C82228-2776-42CE-8563-7C722BB40730}.Release|Any CPU.ActiveCfg = Release|Any CPU
		{19C82228-2776-42CE-8563-7C722BB40730}.Release|Any CPU.Build.0 = Release|Any CPU
		{732F558F-B4AF-4520-90CA-15528DCF2D44}.Debug|Any CPU.ActiveCfg = Debug|Any CPU
		{732F558F-B4AF-4520-90CA-15528DCF2D44}.Debug|Any CPU.Build.0 = Debug|Any CPU
		{732F558F-B4AF-4520-90CA-15528DCF2D44}.Release|Any CPU.ActiveCfg = Release|Any CPU
		{732F558F-B4AF-4520-90CA-15528DCF2D44}.Release|Any CPU.Build.0 = Release|Any CPU
		{9CBB0442-F040-40C9-8F0D-3253D097F502}.Debug|Any CPU.ActiveCfg = Debug|Any CPU
		{9CBB0442-F040-40C9-8F0D-3253D097F502}.Debug|Any CPU.Build.0 = Debug|Any CPU
		{9CBB0442-F040-40C9-8F0D-3253D097F502}.Release|Any CPU.ActiveCfg = Release|Any CPU
		{9CBB0442-F040-40C9-8F0D-3253D097F502}.Release|Any CPU.Build.0 = Release|Any CPU
		{A7AC5717-0AFF-41C1-8808-E6DC9A24BC86}.Debug|Any CPU.ActiveCfg = Debug|Any CPU
		{A7AC5717-0AFF-41C1-8808-E6DC9A24BC86}.Debug|Any CPU.Build.0 = Debug|Any CPU
		{A7AC5717-0AFF-41C1-8808-E6DC9A24BC86}.Release|Any CPU.ActiveCfg = Release|Any CPU
		{A7AC5717-0AFF-41C1-8808-E6DC9A24BC86}.Release|Any CPU.Build.0 = Release|Any CPU
		{BE48997A-0776-45B3-A4B5-EE06DED1BCB7}.Debug|Any CPU.ActiveCfg = Debug|Any CPU
		{BE48997A-0776-45B3-A4B5-EE06DED1BCB7}.Debug|Any CPU.Build.0 = Debug|Any CPU
		{BE48997A-0776-45B3-A4B5-EE06DED1BCB7}.Release|Any CPU.ActiveCfg = Release|Any CPU
		{BE48997A-0776-45B3-A4B5-EE06DED1BCB7}.Release|Any CPU.Build.0 = Release|Any CPU
		{EF26C58C-370E-48A1-AD7E-551F6F49D9EC}.Debug|Any CPU.ActiveCfg = Debug|Any CPU
		{EF26C58C-370E-48A1-AD7E-551F6F49D9EC}.Debug|Any CPU.Build.0 = Debug|Any CPU
		{EF26C58C-370E-48A1-AD7E-551F6F49D9EC}.Release|Any CPU.ActiveCfg = Release|Any CPU
		{EF26C58C-370E-48A1-AD7E-551F6F49D9EC}.Release|Any CPU.Build.0 = Release|Any CPU
		{059F7870-E473-45D2-A1B9-B657EABF9062}.Debug|Any CPU.ActiveCfg = Debug|Any CPU
		{059F7870-E473-45D2-A1B9-B657EABF9062}.Debug|Any CPU.Build.0 = Debug|Any CPU
		{059F7870-E473-45D2-A1B9-B657EABF9062}.Release|Any CPU.ActiveCfg = Release|Any CPU
		{059F7870-E473-45D2-A1B9-B657EABF9062}.Release|Any CPU.Build.0 = Release|Any CPU
	EndGlobalSection
	GlobalSection(SolutionProperties) = preSolution
		HideSolutionNode = FALSE
	EndGlobalSection
	GlobalSection(ExtensibilityGlobals) = postSolution
		SolutionGuid = {78D13376-9F33-48C4-9E1A-851FA765C71C}
	EndGlobalSection
EndGlobal
