
Microsoft Visual Studio Solution File, Format Version 12.00
# Visual Studio Version 17
VisualStudioVersion = 17.9.34723.18
MinimumVisualStudioVersion = 10.0.40219.1
Project("{FAE04EC0-301F-11D3-BF4B-00C04F79EFBC}") = "07.1_OOPAndClass", "07.1_OOPAndClass.csproj", "{D86C0679-0AC6-4758-9115-34C34DD9892A}"
EndProject
Project("{2150E333-8FDC-42A3-9474-1A3956D46DE8}") = "07.클래스", "07.클래스", "{32A5D911-D90C-454C-AA1A-46BB9A358E99}"
EndProject
Project("{FAE04EC0-301F-11D3-BF4B-00C04F79EFBC}") = "07.2_OOPAndCat", "..\07.2_OOPAndCat\07.2_OOPAndCat.csproj", "{5359B49E-F993-4BAA-A961-86AA239F796F}"
EndProject
Project("{FAE04EC0-301F-11D3-BF4B-00C04F79EFBC}") = "07.3_Constructor", "..\07.3_Constructor\07.3_Constructor.csproj", "{6A166F9E-6D68-40E9-8C81-AF1080FF557C}"
EndProject
Project("{FAE04EC0-301F-11D3-BF4B-00C04F79EFBC}") = "07.4_StaticField", "..\07.4_StaticField\07.4_StaticField.csproj", "{D2797CBC-CAAA-463C-AFBD-880777ABD23C}"
EndProject
Project("{FAE04EC0-301F-11D3-BF4B-00C04F79EFBC}") = "07.5_DeepCopy", "..\07.5_DeepCopy\07.5_DeepCopy.csproj", "{05E4B861-1505-4CD6-B789-6373E3A3B516}"
EndProject
Project("{FAE04EC0-301F-11D3-BF4B-00C04F79EFBC}") = "07.5.1_IClonable", "..\07.5.1_IClonable\07.5.1_IClonable.csproj", "{CAA35135-FF6A-4CDE-8C7C-C65C61706EAE}"
EndProject
Project("{FAE04EC0-301F-11D3-BF4B-00C04F79EFBC}") = "07.6_This", "..\07.6_This\07.6_This.csproj", "{795EB3E6-B52C-4738-985F-367D68DD3B1D}"
EndProject
Project("{FAE04EC0-301F-11D3-BF4B-00C04F79EFBC}") = "07.6.1_ThisConstructor", "..\07.6.1_ThisConstructor\07.6.1_ThisConstructor.csproj", "{24BDD616-265E-498A-8872-49BB2BFD5197}"
EndProject
Global
	GlobalSection(SolutionConfigurationPlatforms) = preSolution
		Debug|Any CPU = Debug|Any CPU
		Release|Any CPU = Release|Any CPU
	EndGlobalSection
	GlobalSection(ProjectConfigurationPlatforms) = postSolution
		{D86C0679-0AC6-4758-9115-34C34DD9892A}.Debug|Any CPU.ActiveCfg = Debug|Any CPU
		{D86C0679-0AC6-4758-9115-34C34DD9892A}.Debug|Any CPU.Build.0 = Debug|Any CPU
		{D86C0679-0AC6-4758-9115-34C34DD9892A}.Release|Any CPU.ActiveCfg = Release|Any CPU
		{D86C0679-0AC6-4758-9115-34C34DD9892A}.Release|Any CPU.Build.0 = Release|Any CPU
		{5359B49E-F993-4BAA-A961-86AA239F796F}.Debug|Any CPU.ActiveCfg = Debug|Any CPU
		{5359B49E-F993-4BAA-A961-86AA239F796F}.Debug|Any CPU.Build.0 = Debug|Any CPU
		{5359B49E-F993-4BAA-A961-86AA239F796F}.Release|Any CPU.ActiveCfg = Release|Any CPU
		{5359B49E-F993-4BAA-A961-86AA239F796F}.Release|Any CPU.Build.0 = Release|Any CPU
		{6A166F9E-6D68-40E9-8C81-AF1080FF557C}.Debug|Any CPU.ActiveCfg = Debug|Any CPU
		{6A166F9E-6D68-40E9-8C81-AF1080FF557C}.Debug|Any CPU.Build.0 = Debug|Any CPU
		{6A166F9E-6D68-40E9-8C81-AF1080FF557C}.Release|Any CPU.ActiveCfg = Release|Any CPU
		{6A166F9E-6D68-40E9-8C81-AF1080FF557C}.Release|Any CPU.Build.0 = Release|Any CPU
		{D2797CBC-CAAA-463C-AFBD-880777ABD23C}.Debug|Any CPU.ActiveCfg = Debug|Any CPU
		{D2797CBC-CAAA-463C-AFBD-880777ABD23C}.Debug|Any CPU.Build.0 = Debug|Any CPU
		{D2797CBC-CAAA-463C-AFBD-880777ABD23C}.Release|Any CPU.ActiveCfg = Release|Any CPU
		{D2797CBC-CAAA-463C-AFBD-880777ABD23C}.Release|Any CPU.Build.0 = Release|Any CPU
		{05E4B861-1505-4CD6-B789-6373E3A3B516}.Debug|Any CPU.ActiveCfg = Debug|Any CPU
		{05E4B861-1505-4CD6-B789-6373E3A3B516}.Debug|Any CPU.Build.0 = Debug|Any CPU
		{05E4B861-1505-4CD6-B789-6373E3A3B516}.Release|Any CPU.ActiveCfg = Release|Any CPU
		{05E4B861-1505-4CD6-B789-6373E3A3B516}.Release|Any CPU.Build.0 = Release|Any CPU
		{CAA35135-FF6A-4CDE-8C7C-C65C61706EAE}.Debug|Any CPU.ActiveCfg = Debug|Any CPU
		{CAA35135-FF6A-4CDE-8C7C-C65C61706EAE}.Debug|Any CPU.Build.0 = Debug|Any CPU
		{CAA35135-FF6A-4CDE-8C7C-C65C61706EAE}.Release|Any CPU.ActiveCfg = Release|Any CPU
		{CAA35135-FF6A-4CDE-8C7C-C65C61706EAE}.Release|Any CPU.Build.0 = Release|Any CPU
		{795EB3E6-B52C-4738-985F-367D68DD3B1D}.Debug|Any CPU.ActiveCfg = Debug|Any CPU
		{795EB3E6-B52C-4738-985F-367D68DD3B1D}.Debug|Any CPU.Build.0 = Debug|Any CPU
		{795EB3E6-B52C-4738-985F-367D68DD3B1D}.Release|Any CPU.ActiveCfg = Release|Any CPU
		{795EB3E6-B52C-4738-985F-367D68DD3B1D}.Release|Any CPU.Build.0 = Release|Any CPU
		{24BDD616-265E-498A-8872-49BB2BFD5197}.Debug|Any CPU.ActiveCfg = Debug|Any CPU
		{24BDD616-265E-498A-8872-49BB2BFD5197}.Debug|Any CPU.Build.0 = Debug|Any CPU
		{24BDD616-265E-498A-8872-49BB2BFD5197}.Release|Any CPU.ActiveCfg = Release|Any CPU
		{24BDD616-265E-498A-8872-49BB2BFD5197}.Release|Any CPU.Build.0 = Release|Any CPU
	EndGlobalSection
	GlobalSection(SolutionProperties) = preSolution
		HideSolutionNode = FALSE
	EndGlobalSection
	GlobalSection(NestedProjects) = preSolution
		{D86C0679-0AC6-4758-9115-34C34DD9892A} = {32A5D911-D90C-454C-AA1A-46BB9A358E99}
		{5359B49E-F993-4BAA-A961-86AA239F796F} = {32A5D911-D90C-454C-AA1A-46BB9A358E99}
		{6A166F9E-6D68-40E9-8C81-AF1080FF557C} = {32A5D911-D90C-454C-AA1A-46BB9A358E99}
		{D2797CBC-CAAA-463C-AFBD-880777ABD23C} = {32A5D911-D90C-454C-AA1A-46BB9A358E99}
		{05E4B861-1505-4CD6-B789-6373E3A3B516} = {32A5D911-D90C-454C-AA1A-46BB9A358E99}
		{CAA35135-FF6A-4CDE-8C7C-C65C61706EAE} = {32A5D911-D90C-454C-AA1A-46BB9A358E99}
		{795EB3E6-B52C-4738-985F-367D68DD3B1D} = {32A5D911-D90C-454C-AA1A-46BB9A358E99}
		{24BDD616-265E-498A-8872-49BB2BFD5197} = {32A5D911-D90C-454C-AA1A-46BB9A358E99}
	EndGlobalSection
	GlobalSection(ExtensibilityGlobals) = postSolution
		SolutionGuid = {1E9DA45C-CE63-494A-908C-EB11893AEE41}
	EndGlobalSection
EndGlobal
