
Microsoft Visual Studio Solution File, Format Version 12.00
# Visual Studio Version 17
VisualStudioVersion = 17.9.34723.18
MinimumVisualStudioVersion = 10.0.40219.1
Project("{9A19103F-16F7-4668-BE54-9A1E7A4F7556}") = "07.1_OOPAndClass", "07.1_OOPAndClass.csproj", "{D86C0679-0AC6-4758-9115-34C34DD9892A}"
EndProject
Project("{2150E333-8FDC-42A3-9474-1A3956D46DE8}") = "07.클래스", "07.클래스", "{32A5D911-D90C-454C-AA1A-46BB9A358E99}"
EndProject
Project("{9A19103F-16F7-4668-BE54-9A1E7A4F7556}") = "07.2_OOPAndCat", "..\07.2_OOPAndCat\07.2_OOPAndCat.csproj", "{5359B49E-F993-4BAA-A961-86AA239F796F}"
EndProject
Project("{9A19103F-16F7-4668-BE54-9A1E7A4F7556}") = "07.3_Constructor", "..\07.3_Constructor\07.3_Constructor.csproj", "{6A166F9E-6D68-40E9-8C81-AF1080FF557C}"
EndProject
Project("{9A19103F-16F7-4668-BE54-9A1E7A4F7556}") = "07.4_StaticField", "..\07.4_StaticField\07.4_StaticField.csproj", "{D2797CBC-CAAA-463C-AFBD-880777ABD23C}"
EndProject
Project("{9A19103F-16F7-4668-BE54-9A1E7A4F7556}") = "07.5_DeepCopy", "..\07.5_DeepCopy\07.5_DeepCopy.csproj", "{05E4B861-1505-4CD6-B789-6373E3A3B516}"
EndProject
Project("{9A19103F-16F7-4668-BE54-9A1E7A4F7556}") = "07.5.1_IClonable", "..\07.5.1_IClonable\07.5.1_IClonable.csproj", "{CAA35135-FF6A-4CDE-8C7C-C65C61706EAE}"
EndProject
Project("{9A19103F-16F7-4668-BE54-9A1E7A4F7556}") = "07.6_This", "..\07.6_This\07.6_This.csproj", "{795EB3E6-B52C-4738-985F-367D68DD3B1D}"
EndProject
Project("{9A19103F-16F7-4668-BE54-9A1E7A4F7556}") = "07.6.1_ThisConstructor", "..\07.6.1_ThisConstructor\07.6.1_ThisConstructor.csproj", "{24BDD616-265E-498A-8872-49BB2BFD5197}"
EndProject
Project("{9A19103F-16F7-4668-BE54-9A1E7A4F7556}") = "07.1.ClassExercise", "..\07.1.ClassExercise\07.1.ClassExercise.csproj", "{543B780C-6ED5-4385-8D8F-0D28DA0E08B4}"
EndProject
Project("{9A19103F-16F7-4668-BE54-9A1E7A4F7556}") = "07.6.2_DeepCopyExample", "..\07.6.2_DeepCopyExample\07.6.2_DeepCopyExample.csproj", "{B7C0394D-C6D2-491F-B775-9C1423897EDF}"
EndProject
Project("{9A19103F-16F7-4668-BE54-9A1E7A4F7556}") = "07.6.3_AccessModifier", "..\07.6.3_AccessModifier\07.6.3_AccessModifier.csproj", "{2F983141-ACE6-4568-8CAE-C156F43CEBCE}"
EndProject
Project("{9A19103F-16F7-4668-BE54-9A1E7A4F7556}") = "07.7.0_Inheritance", "..\07.7.0_Inheritance\07.7.0_Inheritance.csproj", "{76DEBFA6-04D9-43C4-95D6-76C03340E503}"
EndProject
Project("{9A19103F-16F7-4668-BE54-9A1E7A4F7556}") = "07.7.1_TypeCasting", "..\07.7.1_TypeCasting\07.7.1_TypeCasting.csproj", "{B92DFBDF-A1B2-447E-ACC0-9680617E63E9}"
EndProject
Project("{9A19103F-16F7-4668-BE54-9A1E7A4F7556}") = "07.7.2_Overriding", "..\07.7.2_Overriding\07.7.2_Overriding.csproj", "{06C3D437-493F-4C8E-93E0-DD38F4A3797A}"
EndProject
Project("{9A19103F-16F7-4668-BE54-9A1E7A4F7556}") = "07.1_review", "..\07.1_review\07.1_review.csproj", "{27B4DF98-F1F7-4B3E-8F8B-4CD89D403419}"
EndProject
Project("{9A19103F-16F7-4668-BE54-9A1E7A4F7556}") = "07.5_review", "..\07.5_review\07.5_review.csproj", "{7B08F7C5-D32E-4A26-ABE3-285E2144437F}"
EndProject
Project("{9A19103F-16F7-4668-BE54-9A1E7A4F7556}") = "07.10_review", "..\07.10_review\07.10_review.csproj", "{7FF28409-4E73-4449-A279-8F001C02D223}"
EndProject
Project("{9A19103F-16F7-4668-BE54-9A1E7A4F7556}") = "07.010_Overriding", "..\07.010_Overriding\07.010_Overriding.csproj", "{D8352452-1626-430E-A38B-E9F11A440089}"
EndProject
Project("{9A19103F-16F7-4668-BE54-9A1E7A4F7556}") = "07.011_MethodHiding", "..\07.011_MethodHiding\07.011_MethodHiding.csproj", "{FE1CC028-C763-4554-9764-2B84FC5911C2}"
EndProject
Project("{9A19103F-16F7-4668-BE54-9A1E7A4F7556}") = "07.013_ReadonlyFields", "..\07.013_ReadonlyFields\07.013_ReadonlyFields.csproj", "{45AA4A0C-6749-4FA4-AB3F-4211B91A6985}"
EndProject
Project("{9A19103F-16F7-4668-BE54-9A1E7A4F7556}") = "07.014_NestedClass", "..\07.014_NestedClass\07.014_NestedClass.csproj", "{2E61AAD7-7664-435B-84D0-024F2597F137}"
EndProject
Project("{9A19103F-16F7-4668-BE54-9A1E7A4F7556}") = "07.015_PartialClass", "..\07.015_PartialClass\07.015_PartialClass.csproj", "{2077819D-8921-438E-9DC5-B8D45AA14526}"
EndProject
Project("{9A19103F-16F7-4668-BE54-9A1E7A4F7556}") = "07.016_ExtensionMethod", "..\07.016_ExtensionMethod\07.016_ExtensionMethod.csproj", "{743AE302-59B0-4556-9C54-0797B3D913BB}"
EndProject
Project("{9A19103F-16F7-4668-BE54-9A1E7A4F7556}") = "07.016_ExtensionString", "..\07.016_ExtensionString\07.016_ExtensionString.csproj", "{2AE847E9-1B4A-40AB-BA35-69AD06BDE042}"
EndProject
Project("{9A19103F-16F7-4668-BE54-9A1E7A4F7556}") = "07.017_Structure", "..\07.017_Structure\07.017_Structure.csproj", "{FBD96D83-A429-40EE-8F68-72B3D73A1261}"
EndProject
Project("{9A19103F-16F7-4668-BE54-9A1E7A4F7556}") = "07.017_ReadonlyStruct", "..\07.017_ReadonlyStruct\07.017_ReadonlyStruct.csproj", "{499E1100-C206-4BEC-ACF7-08B2809C2D06}"
EndProject
Project("{9A19103F-16F7-4668-BE54-9A1E7A4F7556}") = "07.017_ReadonlyMethod", "..\07.017_ReadonlyMethod\07.017_ReadonlyMethod.csproj", "{619B5E4A-4F0E-4912-8674-06814964BB5D}"
EndProject
Project("{9A19103F-16F7-4668-BE54-9A1E7A4F7556}") = "07.018_Tuple", "..\07.018_Tuple\07.018_Tuple.csproj", "{CFB18881-6C76-4E80-98FD-854D457103AE}"
EndProject
Project("{9A19103F-16F7-4668-BE54-9A1E7A4F7556}") = "07.018_PositionalPattern", "..\07.018_PositionalPattern\07.018_PositionalPattern.csproj", "{24CD7C60-7698-4A0F-B0D8-613D6EF9CFDB}"
EndProject
Project("{9A19103F-16F7-4668-BE54-9A1E7A4F7556}") = "07.019_Exercise", "..\07.019_Exercise\07.019_Exercise.csproj", "{126BDBD5-02D3-474B-ADF7-85C932A79409}"
EndProject
Project("{9A19103F-16F7-4668-BE54-9A1E7A4F7556}") = "07.019_ExerciseSwitch", "..\07.019_ExerciseSwitch\07.019_ExerciseSwitch.csproj", "{7554FBF1-F5E9-47F3-B0A3-91DA9CE265C0}"
EndProject
Project("{2150E333-8FDC-42A3-9474-1A3956D46DE8}") = "08.인터페이스", "08.인터페이스", "{BE2DC1D9-ED87-4658-9765-E32F1D8B03E2}"
EndProject
Project("{9A19103F-16F7-4668-BE54-9A1E7A4F7556}") = "08.001_Interface", "..\08.001_Interface\08.001_Interface.csproj", "{870E768C-B55A-4E37-8C68-F23C032E13FF}"
EndProject
Project("{9A19103F-16F7-4668-BE54-9A1E7A4F7556}") = "08.003_DerivedInterface", "..\08.003_DerivedInterface\08.003_DerivedInterface.csproj", "{A1BA8FA8-F535-4227-8E9D-4D2FF21D71D7}"
EndProject
Project("{9A19103F-16F7-4668-BE54-9A1E7A4F7556}") = "08.004_MultiInterfaceInheritance", "..\08.004_MultiInterfaceInheritance\08.004_MultiInterfaceInheritance.csproj", "{7F106338-3078-498C-8795-169E3B555A15}"
EndProject
Project("{9A19103F-16F7-4668-BE54-9A1E7A4F7556}") = "08.004_Quiz", "..\08.004_Quiz\08.004_Quiz.csproj", "{EF12EFB8-FD14-4FF4-A8A1-219AB030C2D8}"
EndProject
Project("{9A19103F-16F7-4668-BE54-9A1E7A4F7556}") = "08.005_DefaultImplementation", "..\08.005_DefaultImplementation\08.005_DefaultImplementation.csproj", "{71CAF395-97A9-40AB-BDCB-6D58EFF73185}"
EndProject
Project("{FAE04EC0-301F-11D3-BF4B-00C04F79EFBC}") = "07.019_Exercise_Compile", "..\07.019_Exercise_Compile\07.019_Exercise_Compile.csproj", "{5DC27C2A-E14A-4C5E-878B-1789070C4DB4}"
EndProject
Project("{FAE04EC0-301F-11D3-BF4B-00C04F79EFBC}") = "08.001_Example", "..\08.001_Example\08.001_Example.csproj", "{4EF841FE-6A6D-44A8-ACEE-CF788808DAF7}"
EndProject
Global
	GlobalSection(SolutionConfigurationPlatforms) = preSolution
		Debug|Any CPU = Debug|Any CPU
		Release|Any CPU = Release|Any CPU
	EndGlobalSection
	GlobalSection(ProjectConfigurationPlatforms) = postSolution
		{D86C0679-0AC6-4758-9115-34C34DD9892A}.Debug|Any CPU.ActiveCfg = Debug|Any CPU
		{D86C0679-0AC6-4758-9115-34C34DD9892A}.Debug|Any CPU.Build.0 = Debug|Any CPU
		{D86C0679-0AC6-4758-9115-34C34DD9892A}.Release|Any CPU.ActiveCfg = Release|Any CPU
		{D86C0679-0AC6-4758-9115-34C34DD9892A}.Release|Any CPU.Build.0 = Release|Any CPU
		{5359B49E-F993-4BAA-A961-86AA239F796F}.Debug|Any CPU.ActiveCfg = Debug|Any CPU
		{5359B49E-F993-4BAA-A961-86AA239F796F}.Debug|Any CPU.Build.0 = Debug|Any CPU
		{5359B49E-F993-4BAA-A961-86AA239F796F}.Release|Any CPU.ActiveCfg = Release|Any CPU
		{5359B49E-F993-4BAA-A961-86AA239F796F}.Release|Any CPU.Build.0 = Release|Any CPU
		{6A166F9E-6D68-40E9-8C81-AF1080FF557C}.Debug|Any CPU.ActiveCfg = Debug|Any CPU
		{6A166F9E-6D68-40E9-8C81-AF1080FF557C}.Debug|Any CPU.Build.0 = Debug|Any CPU
		{6A166F9E-6D68-40E9-8C81-AF1080FF557C}.Release|Any CPU.ActiveCfg = Release|Any CPU
		{6A166F9E-6D68-40E9-8C81-AF1080FF557C}.Release|Any CPU.Build.0 = Release|Any CPU
		{D2797CBC-CAAA-463C-AFBD-880777ABD23C}.Debug|Any CPU.ActiveCfg = Debug|Any CPU
		{D2797CBC-CAAA-463C-AFBD-880777ABD23C}.Debug|Any CPU.Build.0 = Debug|Any CPU
		{D2797CBC-CAAA-463C-AFBD-880777ABD23C}.Release|Any CPU.ActiveCfg = Release|Any CPU
		{D2797CBC-CAAA-463C-AFBD-880777ABD23C}.Release|Any CPU.Build.0 = Release|Any CPU
		{05E4B861-1505-4CD6-B789-6373E3A3B516}.Debug|Any CPU.ActiveCfg = Debug|Any CPU
		{05E4B861-1505-4CD6-B789-6373E3A3B516}.Debug|Any CPU.Build.0 = Debug|Any CPU
		{05E4B861-1505-4CD6-B789-6373E3A3B516}.Release|Any CPU.ActiveCfg = Release|Any CPU
		{05E4B861-1505-4CD6-B789-6373E3A3B516}.Release|Any CPU.Build.0 = Release|Any CPU
		{CAA35135-FF6A-4CDE-8C7C-C65C61706EAE}.Debug|Any CPU.ActiveCfg = Debug|Any CPU
		{CAA35135-FF6A-4CDE-8C7C-C65C61706EAE}.Debug|Any CPU.Build.0 = Debug|Any CPU
		{CAA35135-FF6A-4CDE-8C7C-C65C61706EAE}.Release|Any CPU.ActiveCfg = Release|Any CPU
		{CAA35135-FF6A-4CDE-8C7C-C65C61706EAE}.Release|Any CPU.Build.0 = Release|Any CPU
		{795EB3E6-B52C-4738-985F-367D68DD3B1D}.Debug|Any CPU.ActiveCfg = Debug|Any CPU
		{795EB3E6-B52C-4738-985F-367D68DD3B1D}.Debug|Any CPU.Build.0 = Debug|Any CPU
		{795EB3E6-B52C-4738-985F-367D68DD3B1D}.Release|Any CPU.ActiveCfg = Release|Any CPU
		{795EB3E6-B52C-4738-985F-367D68DD3B1D}.Release|Any CPU.Build.0 = Release|Any CPU
		{24BDD616-265E-498A-8872-49BB2BFD5197}.Debug|Any CPU.ActiveCfg = Debug|Any CPU
		{24BDD616-265E-498A-8872-49BB2BFD5197}.Debug|Any CPU.Build.0 = Debug|Any CPU
		{24BDD616-265E-498A-8872-49BB2BFD5197}.Release|Any CPU.ActiveCfg = Release|Any CPU
		{24BDD616-265E-498A-8872-49BB2BFD5197}.Release|Any CPU.Build.0 = Release|Any CPU
		{543B780C-6ED5-4385-8D8F-0D28DA0E08B4}.Debug|Any CPU.ActiveCfg = Debug|Any CPU
		{543B780C-6ED5-4385-8D8F-0D28DA0E08B4}.Debug|Any CPU.Build.0 = Debug|Any CPU
		{543B780C-6ED5-4385-8D8F-0D28DA0E08B4}.Release|Any CPU.ActiveCfg = Release|Any CPU
		{543B780C-6ED5-4385-8D8F-0D28DA0E08B4}.Release|Any CPU.Build.0 = Release|Any CPU
		{B7C0394D-C6D2-491F-B775-9C1423897EDF}.Debug|Any CPU.ActiveCfg = Debug|Any CPU
		{B7C0394D-C6D2-491F-B775-9C1423897EDF}.Debug|Any CPU.Build.0 = Debug|Any CPU
		{B7C0394D-C6D2-491F-B775-9C1423897EDF}.Release|Any CPU.ActiveCfg = Release|Any CPU
		{B7C0394D-C6D2-491F-B775-9C1423897EDF}.Release|Any CPU.Build.0 = Release|Any CPU
		{2F983141-ACE6-4568-8CAE-C156F43CEBCE}.Debug|Any CPU.ActiveCfg = Debug|Any CPU
		{2F983141-ACE6-4568-8CAE-C156F43CEBCE}.Debug|Any CPU.Build.0 = Debug|Any CPU
		{2F983141-ACE6-4568-8CAE-C156F43CEBCE}.Release|Any CPU.ActiveCfg = Release|Any CPU
		{2F983141-ACE6-4568-8CAE-C156F43CEBCE}.Release|Any CPU.Build.0 = Release|Any CPU
		{76DEBFA6-04D9-43C4-95D6-76C03340E503}.Debug|Any CPU.ActiveCfg = Debug|Any CPU
		{76DEBFA6-04D9-43C4-95D6-76C03340E503}.Debug|Any CPU.Build.0 = Debug|Any CPU
		{76DEBFA6-04D9-43C4-95D6-76C03340E503}.Release|Any CPU.ActiveCfg = Release|Any CPU
		{76DEBFA6-04D9-43C4-95D6-76C03340E503}.Release|Any CPU.Build.0 = Release|Any CPU
		{B92DFBDF-A1B2-447E-ACC0-9680617E63E9}.Debug|Any CPU.ActiveCfg = Debug|Any CPU
		{B92DFBDF-A1B2-447E-ACC0-9680617E63E9}.Debug|Any CPU.Build.0 = Debug|Any CPU
		{B92DFBDF-A1B2-447E-ACC0-9680617E63E9}.Release|Any CPU.ActiveCfg = Release|Any CPU
		{B92DFBDF-A1B2-447E-ACC0-9680617E63E9}.Release|Any CPU.Build.0 = Release|Any CPU
		{06C3D437-493F-4C8E-93E0-DD38F4A3797A}.Debug|Any CPU.ActiveCfg = Debug|Any CPU
		{06C3D437-493F-4C8E-93E0-DD38F4A3797A}.Debug|Any CPU.Build.0 = Debug|Any CPU
		{06C3D437-493F-4C8E-93E0-DD38F4A3797A}.Release|Any CPU.ActiveCfg = Release|Any CPU
		{06C3D437-493F-4C8E-93E0-DD38F4A3797A}.Release|Any CPU.Build.0 = Release|Any CPU
		{27B4DF98-F1F7-4B3E-8F8B-4CD89D403419}.Debug|Any CPU.ActiveCfg = Debug|Any CPU
		{27B4DF98-F1F7-4B3E-8F8B-4CD89D403419}.Debug|Any CPU.Build.0 = Debug|Any CPU
		{27B4DF98-F1F7-4B3E-8F8B-4CD89D403419}.Release|Any CPU.ActiveCfg = Release|Any CPU
		{27B4DF98-F1F7-4B3E-8F8B-4CD89D403419}.Release|Any CPU.Build.0 = Release|Any CPU
		{7B08F7C5-D32E-4A26-ABE3-285E2144437F}.Debug|Any CPU.ActiveCfg = Debug|Any CPU
		{7B08F7C5-D32E-4A26-ABE3-285E2144437F}.Debug|Any CPU.Build.0 = Debug|Any CPU
		{7B08F7C5-D32E-4A26-ABE3-285E2144437F}.Release|Any CPU.ActiveCfg = Release|Any CPU
		{7B08F7C5-D32E-4A26-ABE3-285E2144437F}.Release|Any CPU.Build.0 = Release|Any CPU
		{7FF28409-4E73-4449-A279-8F001C02D223}.Debug|Any CPU.ActiveCfg = Debug|Any CPU
		{7FF28409-4E73-4449-A279-8F001C02D223}.Debug|Any CPU.Build.0 = Debug|Any CPU
		{7FF28409-4E73-4449-A279-8F001C02D223}.Release|Any CPU.ActiveCfg = Release|Any CPU
		{7FF28409-4E73-4449-A279-8F001C02D223}.Release|Any CPU.Build.0 = Release|Any CPU
		{D8352452-1626-430E-A38B-E9F11A440089}.Debug|Any CPU.ActiveCfg = Debug|Any CPU
		{D8352452-1626-430E-A38B-E9F11A440089}.Debug|Any CPU.Build.0 = Debug|Any CPU
		{D8352452-1626-430E-A38B-E9F11A440089}.Release|Any CPU.ActiveCfg = Release|Any CPU
		{D8352452-1626-430E-A38B-E9F11A440089}.Release|Any CPU.Build.0 = Release|Any CPU
		{FE1CC028-C763-4554-9764-2B84FC5911C2}.Debug|Any CPU.ActiveCfg = Debug|Any CPU
		{FE1CC028-C763-4554-9764-2B84FC5911C2}.Debug|Any CPU.Build.0 = Debug|Any CPU
		{FE1CC028-C763-4554-9764-2B84FC5911C2}.Release|Any CPU.ActiveCfg = Release|Any CPU
		{FE1CC028-C763-4554-9764-2B84FC5911C2}.Release|Any CPU.Build.0 = Release|Any CPU
		{45AA4A0C-6749-4FA4-AB3F-4211B91A6985}.Debug|Any CPU.ActiveCfg = Debug|Any CPU
		{45AA4A0C-6749-4FA4-AB3F-4211B91A6985}.Debug|Any CPU.Build.0 = Debug|Any CPU
		{45AA4A0C-6749-4FA4-AB3F-4211B91A6985}.Release|Any CPU.ActiveCfg = Release|Any CPU
		{45AA4A0C-6749-4FA4-AB3F-4211B91A6985}.Release|Any CPU.Build.0 = Release|Any CPU
		{2E61AAD7-7664-435B-84D0-024F2597F137}.Debug|Any CPU.ActiveCfg = Debug|Any CPU
		{2E61AAD7-7664-435B-84D0-024F2597F137}.Debug|Any CPU.Build.0 = Debug|Any CPU
		{2E61AAD7-7664-435B-84D0-024F2597F137}.Release|Any CPU.ActiveCfg = Release|Any CPU
		{2E61AAD7-7664-435B-84D0-024F2597F137}.Release|Any CPU.Build.0 = Release|Any CPU
		{2077819D-8921-438E-9DC5-B8D45AA14526}.Debug|Any CPU.ActiveCfg = Debug|Any CPU
		{2077819D-8921-438E-9DC5-B8D45AA14526}.Debug|Any CPU.Build.0 = Debug|Any CPU
		{2077819D-8921-438E-9DC5-B8D45AA14526}.Release|Any CPU.ActiveCfg = Release|Any CPU
		{2077819D-8921-438E-9DC5-B8D45AA14526}.Release|Any CPU.Build.0 = Release|Any CPU
		{743AE302-59B0-4556-9C54-0797B3D913BB}.Debug|Any CPU.ActiveCfg = Debug|Any CPU
		{743AE302-59B0-4556-9C54-0797B3D913BB}.Debug|Any CPU.Build.0 = Debug|Any CPU
		{743AE302-59B0-4556-9C54-0797B3D913BB}.Release|Any CPU.ActiveCfg = Release|Any CPU
		{743AE302-59B0-4556-9C54-0797B3D913BB}.Release|Any CPU.Build.0 = Release|Any CPU
		{2AE847E9-1B4A-40AB-BA35-69AD06BDE042}.Debug|Any CPU.ActiveCfg = Debug|Any CPU
		{2AE847E9-1B4A-40AB-BA35-69AD06BDE042}.Debug|Any CPU.Build.0 = Debug|Any CPU
		{2AE847E9-1B4A-40AB-BA35-69AD06BDE042}.Release|Any CPU.ActiveCfg = Release|Any CPU
		{2AE847E9-1B4A-40AB-BA35-69AD06BDE042}.Release|Any CPU.Build.0 = Release|Any CPU
		{FBD96D83-A429-40EE-8F68-72B3D73A1261}.Debug|Any CPU.ActiveCfg = Debug|Any CPU
		{FBD96D83-A429-40EE-8F68-72B3D73A1261}.Debug|Any CPU.Build.0 = Debug|Any CPU
		{FBD96D83-A429-40EE-8F68-72B3D73A1261}.Release|Any CPU.ActiveCfg = Release|Any CPU
		{FBD96D83-A429-40EE-8F68-72B3D73A1261}.Release|Any CPU.Build.0 = Release|Any CPU
		{499E1100-C206-4BEC-ACF7-08B2809C2D06}.Debug|Any CPU.ActiveCfg = Debug|Any CPU
		{499E1100-C206-4BEC-ACF7-08B2809C2D06}.Debug|Any CPU.Build.0 = Debug|Any CPU
		{499E1100-C206-4BEC-ACF7-08B2809C2D06}.Release|Any CPU.ActiveCfg = Release|Any CPU
		{499E1100-C206-4BEC-ACF7-08B2809C2D06}.Release|Any CPU.Build.0 = Release|Any CPU
		{619B5E4A-4F0E-4912-8674-06814964BB5D}.Debug|Any CPU.ActiveCfg = Debug|Any CPU
		{619B5E4A-4F0E-4912-8674-06814964BB5D}.Debug|Any CPU.Build.0 = Debug|Any CPU
		{619B5E4A-4F0E-4912-8674-06814964BB5D}.Release|Any CPU.ActiveCfg = Release|Any CPU
		{619B5E4A-4F0E-4912-8674-06814964BB5D}.Release|Any CPU.Build.0 = Release|Any CPU
		{CFB18881-6C76-4E80-98FD-854D457103AE}.Debug|Any CPU.ActiveCfg = Debug|Any CPU
		{CFB18881-6C76-4E80-98FD-854D457103AE}.Debug|Any CPU.Build.0 = Debug|Any CPU
		{CFB18881-6C76-4E80-98FD-854D457103AE}.Release|Any CPU.ActiveCfg = Release|Any CPU
		{CFB18881-6C76-4E80-98FD-854D457103AE}.Release|Any CPU.Build.0 = Release|Any CPU
		{24CD7C60-7698-4A0F-B0D8-613D6EF9CFDB}.Debug|Any CPU.ActiveCfg = Debug|Any CPU
		{24CD7C60-7698-4A0F-B0D8-613D6EF9CFDB}.Debug|Any CPU.Build.0 = Debug|Any CPU
		{24CD7C60-7698-4A0F-B0D8-613D6EF9CFDB}.Release|Any CPU.ActiveCfg = Release|Any CPU
		{24CD7C60-7698-4A0F-B0D8-613D6EF9CFDB}.Release|Any CPU.Build.0 = Release|Any CPU
		{126BDBD5-02D3-474B-ADF7-85C932A79409}.Debug|Any CPU.ActiveCfg = Debug|Any CPU
		{126BDBD5-02D3-474B-ADF7-85C932A79409}.Debug|Any CPU.Build.0 = Debug|Any CPU
		{126BDBD5-02D3-474B-ADF7-85C932A79409}.Release|Any CPU.ActiveCfg = Release|Any CPU
		{126BDBD5-02D3-474B-ADF7-85C932A79409}.Release|Any CPU.Build.0 = Release|Any CPU
		{7554FBF1-F5E9-47F3-B0A3-91DA9CE265C0}.Debug|Any CPU.ActiveCfg = Debug|Any CPU
		{7554FBF1-F5E9-47F3-B0A3-91DA9CE265C0}.Debug|Any CPU.Build.0 = Debug|Any CPU
		{7554FBF1-F5E9-47F3-B0A3-91DA9CE265C0}.Release|Any CPU.ActiveCfg = Release|Any CPU
		{7554FBF1-F5E9-47F3-B0A3-91DA9CE265C0}.Release|Any CPU.Build.0 = Release|Any CPU
		{870E768C-B55A-4E37-8C68-F23C032E13FF}.Debug|Any CPU.ActiveCfg = Debug|Any CPU
		{870E768C-B55A-4E37-8C68-F23C032E13FF}.Debug|Any CPU.Build.0 = Debug|Any CPU
		{870E768C-B55A-4E37-8C68-F23C032E13FF}.Release|Any CPU.ActiveCfg = Release|Any CPU
		{870E768C-B55A-4E37-8C68-F23C032E13FF}.Release|Any CPU.Build.0 = Release|Any CPU
		{A1BA8FA8-F535-4227-8E9D-4D2FF21D71D7}.Debug|Any CPU.ActiveCfg = Debug|Any CPU
		{A1BA8FA8-F535-4227-8E9D-4D2FF21D71D7}.Debug|Any CPU.Build.0 = Debug|Any CPU
		{A1BA8FA8-F535-4227-8E9D-4D2FF21D71D7}.Release|Any CPU.ActiveCfg = Release|Any CPU
		{A1BA8FA8-F535-4227-8E9D-4D2FF21D71D7}.Release|Any CPU.Build.0 = Release|Any CPU
		{7F106338-3078-498C-8795-169E3B555A15}.Debug|Any CPU.ActiveCfg = Debug|Any CPU
		{7F106338-3078-498C-8795-169E3B555A15}.Debug|Any CPU.Build.0 = Debug|Any CPU
		{7F106338-3078-498C-8795-169E3B555A15}.Release|Any CPU.ActiveCfg = Release|Any CPU
		{7F106338-3078-498C-8795-169E3B555A15}.Release|Any CPU.Build.0 = Release|Any CPU
		{EF12EFB8-FD14-4FF4-A8A1-219AB030C2D8}.Debug|Any CPU.ActiveCfg = Debug|Any CPU
		{EF12EFB8-FD14-4FF4-A8A1-219AB030C2D8}.Debug|Any CPU.Build.0 = Debug|Any CPU
		{EF12EFB8-FD14-4FF4-A8A1-219AB030C2D8}.Release|Any CPU.ActiveCfg = Release|Any CPU
		{EF12EFB8-FD14-4FF4-A8A1-219AB030C2D8}.Release|Any CPU.Build.0 = Release|Any CPU
		{71CAF395-97A9-40AB-BDCB-6D58EFF73185}.Debug|Any CPU.ActiveCfg = Debug|Any CPU
		{71CAF395-97A9-40AB-BDCB-6D58EFF73185}.Debug|Any CPU.Build.0 = Debug|Any CPU
		{71CAF395-97A9-40AB-BDCB-6D58EFF73185}.Release|Any CPU.ActiveCfg = Release|Any CPU
		{71CAF395-97A9-40AB-BDCB-6D58EFF73185}.Release|Any CPU.Build.0 = Release|Any CPU
		{5DC27C2A-E14A-4C5E-878B-1789070C4DB4}.Debug|Any CPU.ActiveCfg = Debug|Any CPU
		{5DC27C2A-E14A-4C5E-878B-1789070C4DB4}.Debug|Any CPU.Build.0 = Debug|Any CPU
		{5DC27C2A-E14A-4C5E-878B-1789070C4DB4}.Release|Any CPU.ActiveCfg = Release|Any CPU
		{5DC27C2A-E14A-4C5E-878B-1789070C4DB4}.Release|Any CPU.Build.0 = Release|Any CPU
		{4EF841FE-6A6D-44A8-ACEE-CF788808DAF7}.Debug|Any CPU.ActiveCfg = Debug|Any CPU
		{4EF841FE-6A6D-44A8-ACEE-CF788808DAF7}.Debug|Any CPU.Build.0 = Debug|Any CPU
		{4EF841FE-6A6D-44A8-ACEE-CF788808DAF7}.Release|Any CPU.ActiveCfg = Release|Any CPU
		{4EF841FE-6A6D-44A8-ACEE-CF788808DAF7}.Release|Any CPU.Build.0 = Release|Any CPU
	EndGlobalSection
	GlobalSection(SolutionProperties) = preSolution
		HideSolutionNode = FALSE
	EndGlobalSection
	GlobalSection(NestedProjects) = preSolution
		{D86C0679-0AC6-4758-9115-34C34DD9892A} = {32A5D911-D90C-454C-AA1A-46BB9A358E99}
		{5359B49E-F993-4BAA-A961-86AA239F796F} = {32A5D911-D90C-454C-AA1A-46BB9A358E99}
		{6A166F9E-6D68-40E9-8C81-AF1080FF557C} = {32A5D911-D90C-454C-AA1A-46BB9A358E99}
		{D2797CBC-CAAA-463C-AFBD-880777ABD23C} = {32A5D911-D90C-454C-AA1A-46BB9A358E99}
		{05E4B861-1505-4CD6-B789-6373E3A3B516} = {32A5D911-D90C-454C-AA1A-46BB9A358E99}
		{CAA35135-FF6A-4CDE-8C7C-C65C61706EAE} = {32A5D911-D90C-454C-AA1A-46BB9A358E99}
		{795EB3E6-B52C-4738-985F-367D68DD3B1D} = {32A5D911-D90C-454C-AA1A-46BB9A358E99}
		{24BDD616-265E-498A-8872-49BB2BFD5197} = {32A5D911-D90C-454C-AA1A-46BB9A358E99}
		{543B780C-6ED5-4385-8D8F-0D28DA0E08B4} = {32A5D911-D90C-454C-AA1A-46BB9A358E99}
		{B7C0394D-C6D2-491F-B775-9C1423897EDF} = {32A5D911-D90C-454C-AA1A-46BB9A358E99}
		{2F983141-ACE6-4568-8CAE-C156F43CEBCE} = {32A5D911-D90C-454C-AA1A-46BB9A358E99}
		{76DEBFA6-04D9-43C4-95D6-76C03340E503} = {32A5D911-D90C-454C-AA1A-46BB9A358E99}
		{B92DFBDF-A1B2-447E-ACC0-9680617E63E9} = {32A5D911-D90C-454C-AA1A-46BB9A358E99}
		{06C3D437-493F-4C8E-93E0-DD38F4A3797A} = {32A5D911-D90C-454C-AA1A-46BB9A358E99}
		{27B4DF98-F1F7-4B3E-8F8B-4CD89D403419} = {32A5D911-D90C-454C-AA1A-46BB9A358E99}
		{7B08F7C5-D32E-4A26-ABE3-285E2144437F} = {32A5D911-D90C-454C-AA1A-46BB9A358E99}
		{7FF28409-4E73-4449-A279-8F001C02D223} = {32A5D911-D90C-454C-AA1A-46BB9A358E99}
		{D8352452-1626-430E-A38B-E9F11A440089} = {32A5D911-D90C-454C-AA1A-46BB9A358E99}
		{FE1CC028-C763-4554-9764-2B84FC5911C2} = {32A5D911-D90C-454C-AA1A-46BB9A358E99}
		{45AA4A0C-6749-4FA4-AB3F-4211B91A6985} = {32A5D911-D90C-454C-AA1A-46BB9A358E99}
		{2E61AAD7-7664-435B-84D0-024F2597F137} = {32A5D911-D90C-454C-AA1A-46BB9A358E99}
		{2077819D-8921-438E-9DC5-B8D45AA14526} = {32A5D911-D90C-454C-AA1A-46BB9A358E99}
		{743AE302-59B0-4556-9C54-0797B3D913BB} = {32A5D911-D90C-454C-AA1A-46BB9A358E99}
		{2AE847E9-1B4A-40AB-BA35-69AD06BDE042} = {32A5D911-D90C-454C-AA1A-46BB9A358E99}
		{FBD96D83-A429-40EE-8F68-72B3D73A1261} = {32A5D911-D90C-454C-AA1A-46BB9A358E99}
		{499E1100-C206-4BEC-ACF7-08B2809C2D06} = {32A5D911-D90C-454C-AA1A-46BB9A358E99}
		{619B5E4A-4F0E-4912-8674-06814964BB5D} = {32A5D911-D90C-454C-AA1A-46BB9A358E99}
		{CFB18881-6C76-4E80-98FD-854D457103AE} = {32A5D911-D90C-454C-AA1A-46BB9A358E99}
		{24CD7C60-7698-4A0F-B0D8-613D6EF9CFDB} = {32A5D911-D90C-454C-AA1A-46BB9A358E99}
		{126BDBD5-02D3-474B-ADF7-85C932A79409} = {32A5D911-D90C-454C-AA1A-46BB9A358E99}
		{7554FBF1-F5E9-47F3-B0A3-91DA9CE265C0} = {32A5D911-D90C-454C-AA1A-46BB9A358E99}
		{870E768C-B55A-4E37-8C68-F23C032E13FF} = {BE2DC1D9-ED87-4658-9765-E32F1D8B03E2}
		{A1BA8FA8-F535-4227-8E9D-4D2FF21D71D7} = {BE2DC1D9-ED87-4658-9765-E32F1D8B03E2}
		{7F106338-3078-498C-8795-169E3B555A15} = {BE2DC1D9-ED87-4658-9765-E32F1D8B03E2}
		{EF12EFB8-FD14-4FF4-A8A1-219AB030C2D8} = {BE2DC1D9-ED87-4658-9765-E32F1D8B03E2}
		{71CAF395-97A9-40AB-BDCB-6D58EFF73185} = {BE2DC1D9-ED87-4658-9765-E32F1D8B03E2}
		{5DC27C2A-E14A-4C5E-878B-1789070C4DB4} = {32A5D911-D90C-454C-AA1A-46BB9A358E99}
		{4EF841FE-6A6D-44A8-ACEE-CF788808DAF7} = {BE2DC1D9-ED87-4658-9765-E32F1D8B03E2}
	EndGlobalSection
	GlobalSection(ExtensibilityGlobals) = postSolution
		SolutionGuid = {1E9DA45C-CE63-494A-908C-EB11893AEE41}
	EndGlobalSection
EndGlobal
